
Microsoft Visual Studio Solution File, Format Version 12.00
# Visual Studio Version 16
VisualStudioVersion = 16.0.31229.75
MinimumVisualStudioVersion = 10.0.40219.1
Project("{FAE04EC0-301F-11D3-BF4B-00C04F79EFBC}") = "Web", "Web\Web.csproj", "{348EC4E2-DBB1-4B16-966B-9A92867CB4C3}"
EndProject
Project("{FAE04EC0-301F-11D3-BF4B-00C04F79EFBC}") = "Infraestructure", "Infraestructure\Infraestructure.csproj", "{017FE921-9BF3-4BDA-BAF9-30AF045D9C13}"
EndProject
Project("{FAE04EC0-301F-11D3-BF4B-00C04F79EFBC}") = "ApplicationCore", "ApplicationCore\ApplicationCore.csproj", "{B8A06F3C-4565-4397-BABE-A4D21DF29B66}"
EndProject
Global
	GlobalSection(SolutionConfigurationPlatforms) = preSolution
		Debug|Any CPU = Debug|Any CPU
		Release|Any CPU = Release|Any CPU
	EndGlobalSection
	GlobalSection(ProjectConfigurationPlatforms) = postSolution
		{348EC4E2-DBB1-4B16-966B-9A92867CB4C3}.Debug|Any CPU.ActiveCfg = Debug|Any CPU
		{348EC4E2-DBB1-4B16-966B-9A92867CB4C3}.Debug|Any CPU.Build.0 = Debug|Any CPU
		{348EC4E2-DBB1-4B16-966B-9A92867CB4C3}.Release|Any CPU.ActiveCfg = Release|Any CPU
		{348EC4E2-DBB1-4B16-966B-9A92867CB4C3}.Release|Any CPU.Build.0 = Release|Any CPU
		{017FE921-9BF3-4BDA-BAF9-30AF045D9C13}.Debug|Any CPU.ActiveCfg = Debug|Any CPU
		{017FE921-9BF3-4BDA-BAF9-30AF045D9C13}.Debug|Any CPU.Build.0 = Debug|Any CPU
		{017FE921-9BF3-4BDA-BAF9-30AF045D9C13}.Release|Any CPU.ActiveCfg = Release|Any CPU
		{017FE921-9BF3-4BDA-BAF9-30AF045D9C13}.Release|Any CPU.Build.0 = Release|Any CPU
		{B8A06F3C-4565-4397-BABE-A4D21DF29B66}.Debug|Any CPU.ActiveCfg = Debug|Any CPU
		{B8A06F3C-4565-4397-BABE-A4D21DF29B66}.Debug|Any CPU.Build.0 = Debug|Any CPU
		{B8A06F3C-4565-4397-BABE-A4D21DF29B66}.Release|Any CPU.ActiveCfg = Release|Any CPU
		{B8A06F3C-4565-4397-BABE-A4D21DF29B66}.Release|Any CPU.Build.0 = Release|Any CPU
	EndGlobalSection
	GlobalSection(SolutionProperties) = preSolution
		HideSolutionNode = FALSE
	EndGlobalSection
	GlobalSection(ExtensibilityGlobals) = postSolution
		SolutionGuid = {1CEA725B-B94B-4A28-92B6-47065DA38A0C}
	EndGlobalSection
EndGlobal
